
Microsoft Visual Studio Solution File, Format Version 12.00
# Visual Studio Version 17
VisualStudioVersion = 17.0.31512.422
MinimumVisualStudioVersion = 10.0.40219.1
Project("{9A19103F-16F7-4668-BE54-9A1E7A4F7556}") = "StreamBadger", "StreamBadger\StreamBadger.csproj", "{6DDBC60B-061E-46EA-B22B-0DEE502CE397}"
EndProject
Project("{9A19103F-16F7-4668-BE54-9A1E7A4F7556}") = "StreamBadger.WinUI", "StreamBadger.WinUI\StreamBadger.WinUI.csproj", "{3D8C7191-346D-41E0-ADDE-254A9150A990}"
EndProject
Project("{9A19103F-16F7-4668-BE54-9A1E7A4F7556}") = "StreamBadger.Shared", "StreamBadger.Shared\StreamBadger.Shared.csproj", "{49865441-E46C-4883-98F0-AB11B01EB351}"
EndProject
Project("{9A19103F-16F7-4668-BE54-9A1E7A4F7556}") = "StreamBadger.Components", "StreamBadger.Components\StreamBadger.Components.csproj", "{667469F4-4086-4AFC-A5DE-DF6A362DB465}"
EndProject
Project("{9A19103F-16F7-4668-BE54-9A1E7A4F7556}") = "StreamBadgerOverlay", "StreamBadgerOverlay\StreamBadgerOverlay.csproj", "{3BD91B46-9F14-4D6B-B0B7-FB2C51CEF35B}"
EndProject
Global
	GlobalSection(SolutionConfigurationPlatforms) = preSolution
		Debug|Any CPU = Debug|Any CPU
		Release|Any CPU = Release|Any CPU
	EndGlobalSection
	GlobalSection(ProjectConfigurationPlatforms) = postSolution
		{6DDBC60B-061E-46EA-B22B-0DEE502CE397}.Debug|Any CPU.ActiveCfg = Debug|Any CPU
		{6DDBC60B-061E-46EA-B22B-0DEE502CE397}.Debug|Any CPU.Build.0 = Debug|Any CPU
		{6DDBC60B-061E-46EA-B22B-0DEE502CE397}.Debug|Any CPU.Deploy.0 = Debug|Any CPU
		{6DDBC60B-061E-46EA-B22B-0DEE502CE397}.Release|Any CPU.ActiveCfg = Release|Any CPU
		{6DDBC60B-061E-46EA-B22B-0DEE502CE397}.Release|Any CPU.Build.0 = Release|Any CPU
		{6DDBC60B-061E-46EA-B22B-0DEE502CE397}.Release|Any CPU.Deploy.0 = Release|Any CPU
		{3D8C7191-346D-41E0-ADDE-254A9150A990}.Debug|Any CPU.ActiveCfg = Debug|Any CPU
		{3D8C7191-346D-41E0-ADDE-254A9150A990}.Debug|Any CPU.Build.0 = Debug|Any CPU
		{3D8C7191-346D-41E0-ADDE-254A9150A990}.Debug|Any CPU.Deploy.0 = Debug|Any CPU
		{3D8C7191-346D-41E0-ADDE-254A9150A990}.Release|Any CPU.ActiveCfg = Release|Any CPU
		{3D8C7191-346D-41E0-ADDE-254A9150A990}.Release|Any CPU.Build.0 = Release|Any CPU
		{3D8C7191-346D-41E0-ADDE-254A9150A990}.Release|Any CPU.Deploy.0 = Release|Any CPU
		{49865441-E46C-4883-98F0-AB11B01EB351}.Debug|Any CPU.ActiveCfg = Debug|Any CPU
		{49865441-E46C-4883-98F0-AB11B01EB351}.Debug|Any CPU.Build.0 = Debug|Any CPU
		{49865441-E46C-4883-98F0-AB11B01EB351}.Release|Any CPU.ActiveCfg = Release|Any CPU
		{49865441-E46C-4883-98F0-AB11B01EB351}.Release|Any CPU.Build.0 = Release|Any CPU
		{667469F4-4086-4AFC-A5DE-DF6A362DB465}.Debug|Any CPU.ActiveCfg = Debug|Any CPU
		{667469F4-4086-4AFC-A5DE-DF6A362DB465}.Debug|Any CPU.Build.0 = Debug|Any CPU
		{667469F4-4086-4AFC-A5DE-DF6A362DB465}.Release|Any CPU.ActiveCfg = Release|Any CPU
		{667469F4-4086-4AFC-A5DE-DF6A362DB465}.Release|Any CPU.Build.0 = Release|Any CPU
		{3BD91B46-9F14-4D6B-B0B7-FB2C51CEF35B}.Debug|Any CPU.ActiveCfg = Debug|Any CPU
		{3BD91B46-9F14-4D6B-B0B7-FB2C51CEF35B}.Debug|Any CPU.Build.0 = Debug|Any CPU
		{3BD91B46-9F14-4D6B-B0B7-FB2C51CEF35B}.Release|Any CPU.ActiveCfg = Release|Any CPU
		{3BD91B46-9F14-4D6B-B0B7-FB2C51CEF35B}.Release|Any CPU.Build.0 = Release|Any CPU
	EndGlobalSection
	GlobalSection(SolutionProperties) = preSolution
		HideSolutionNode = FALSE
	EndGlobalSection
	GlobalSection(ExtensibilityGlobals) = postSolution
		SolutionGuid = {61F7FB11-1E47-470C-91E2-47F8143E1572}
	EndGlobalSection
EndGlobal
